// !$*UTF8*$!
{
	archiveVersion = 1;
	classes = {
	};
	objectVersion = 46;
	objects = {

/* Begin PBXBuildFile section */
		955B811A1FF6B63100722BCA /* Constants.swift in Sources */ = {isa = PBXBuildFile; fileRef = 955B81191FF6B63100722BCA /* Constants.swift */; };
		955B811C1FF6B9F900722BCA /* Extentions.swift in Sources */ = {isa = PBXBuildFile; fileRef = 955B811B1FF6B9F900722BCA /* Extentions.swift */; };
		955B811E1FF6BA2D00722BCA /* IJProgressView.swift in Sources */ = {isa = PBXBuildFile; fileRef = 955B811D1FF6BA2D00722BCA /* IJProgressView.swift */; };
		95E6ACFC1FF6AB3B00FC6643 /* AppDelegate.swift in Sources */ = {isa = PBXBuildFile; fileRef = 95E6ACFB1FF6AB3B00FC6643 /* AppDelegate.swift */; };
		95E6ACFE1FF6AB3B00FC6643 /* ViewController.swift in Sources */ = {isa = PBXBuildFile; fileRef = 95E6ACFD1FF6AB3B00FC6643 /* ViewController.swift */; };
		95E6AD011FF6AB3B00FC6643 /* Main.storyboard in Resources */ = {isa = PBXBuildFile; fileRef = 95E6ACFF1FF6AB3B00FC6643 /* Main.storyboard */; };
		95E6AD041FF6AB3B00FC6643 /* Wikipedia_Fill_in_the_blanks.xcdatamodeld in Sources */ = {isa = PBXBuildFile; fileRef = 95E6AD021FF6AB3B00FC6643 /* Wikipedia_Fill_in_the_blanks.xcdatamodeld */; };
		95E6AD061FF6AB3B00FC6643 /* Assets.xcassets in Resources */ = {isa = PBXBuildFile; fileRef = 95E6AD051FF6AB3B00FC6643 /* Assets.xcassets */; };
		95E6AD091FF6AB3B00FC6643 /* LaunchScreen.storyboard in Resources */ = {isa = PBXBuildFile; fileRef = 95E6AD071FF6AB3B00FC6643 /* LaunchScreen.storyboard */; };
/* End PBXBuildFile section */

/* Begin PBXFileReference section */
		955B81191FF6B63100722BCA /* Constants.swift */ = {isa = PBXFileReference; fileEncoding = 4; lastKnownFileType = sourcecode.swift; path = Constants.swift; sourceTree = "<group>"; };
		955B811B1FF6B9F900722BCA /* Extentions.swift */ = {isa = PBXFileReference; fileEncoding = 4; lastKnownFileType = sourcecode.swift; path = Extentions.swift; sourceTree = "<group>"; };
		955B811D1FF6BA2D00722BCA /* IJProgressView.swift */ = {isa = PBXFileReference; fileEncoding = 4; lastKnownFileType = sourcecode.swift; path = IJProgressView.swift; sourceTree = "<group>"; };
		95E6ACF81FF6AB3B00FC6643 /* Wikipedia Fill-in-the-blanks.app */ = {isa = PBXFileReference; explicitFileType = wrapper.application; includeInIndex = 0; path = "Wikipedia Fill-in-the-blanks.app"; sourceTree = BUILT_PRODUCTS_DIR; };
		95E6ACFB1FF6AB3B00FC6643 /* AppDelegate.swift */ = {isa = PBXFileReference; lastKnownFileType = sourcecode.swift; path = AppDelegate.swift; sourceTree = "<group>"; };
		95E6ACFD1FF6AB3B00FC6643 /* ViewController.swift */ = {isa = PBXFileReference; lastKnownFileType = sourcecode.swift; path = ViewController.swift; sourceTree = "<group>"; };
		95E6AD001FF6AB3B00FC6643 /* Base */ = {isa = PBXFileReference; lastKnownFileType = file.storyboard; name = Base; path = Base.lproj/Main.storyboard; sourceTree = "<group>"; };
		95E6AD031FF6AB3B00FC6643 /* Wikipedia_Fill_in_the_blanks.xcdatamodel */ = {isa = PBXFileReference; lastKnownFileType = wrapper.xcdatamodel; path = Wikipedia_Fill_in_the_blanks.xcdatamodel; sourceTree = "<group>"; };
		95E6AD051FF6AB3B00FC6643 /* Assets.xcassets */ = {isa = PBXFileReference; lastKnownFileType = folder.assetcatalog; path = Assets.xcassets; sourceTree = "<group>"; };
		95E6AD081FF6AB3B00FC6643 /* Base */ = {isa = PBXFileReference; lastKnownFileType = file.storyboard; name = Base; path = Base.lproj/LaunchScreen.storyboard; sourceTree = "<group>"; };
		95E6AD0A1FF6AB3B00FC6643 /* Info.plist */ = {isa = PBXFileReference; lastKnownFileType = text.plist.xml; path = Info.plist; sourceTree = "<group>"; };
/* End PBXFileReference section */

/* Begin PBXFrameworksBuildPhase section */
		95E6ACF51FF6AB3B00FC6643 /* Frameworks */ = {
			isa = PBXFrameworksBuildPhase;
			buildActionMask = 2147483647;
			files = (
			);
			runOnlyForDeploymentPostprocessing = 0;
		};
/* End PBXFrameworksBuildPhase section */

/* Begin PBXGroup section */
		952199A21FF6AB92006B0C2C /* AppDelegate */ = {
			isa = PBXGroup;
			children = (
				95E6ACFB1FF6AB3B00FC6643 /* AppDelegate.swift */,
			);
			name = AppDelegate;
			sourceTree = "<group>";
		};
		952199A31FF6AB98006B0C2C /* ViewControllers */ = {
			isa = PBXGroup;
			children = (
				95E6ACFD1FF6AB3B00FC6643 /* ViewController.swift */,
			);
			name = ViewControllers;
			sourceTree = "<group>";
		};
		952199A41FF6ABA0006B0C2C /* Storyboards */ = {
			isa = PBXGroup;
			children = (
				95E6AD071FF6AB3B00FC6643 /* LaunchScreen.storyboard */,
				95E6ACFF1FF6AB3B00FC6643 /* Main.storyboard */,
			);
			name = Storyboards;
			sourceTree = "<group>";
		};
		952199A51FF6ABAF006B0C2C /* Resources */ = {
			isa = PBXGroup;
			children = (
				95E6AD051FF6AB3B00FC6643 /* Assets.xcassets */,
				955B811D1FF6BA2D00722BCA /* IJProgressView.swift */,
				955B81191FF6B63100722BCA /* Constants.swift */,
				955B811B1FF6B9F900722BCA /* Extentions.swift */,
			);
			name = Resources;
			sourceTree = "<group>";
		};
		95E6ACEF1FF6AB3B00FC6643 = {
			isa = PBXGroup;
			children = (
				95E6ACFA1FF6AB3B00FC6643 /* Wikipedia Fill-in-the-blanks */,
				95E6ACF91FF6AB3B00FC6643 /* Products */,
			);
			sourceTree = "<group>";
		};
		95E6ACF91FF6AB3B00FC6643 /* Products */ = {
			isa = PBXGroup;
			children = (
				95E6ACF81FF6AB3B00FC6643 /* Wikipedia Fill-in-the-blanks.app */,
			);
			name = Products;
			sourceTree = "<group>";
		};
		95E6ACFA1FF6AB3B00FC6643 /* Wikipedia Fill-in-the-blanks */ = {
			isa = PBXGroup;
			children = (
				952199A51FF6ABAF006B0C2C /* Resources */,
				952199A41FF6ABA0006B0C2C /* Storyboards */,
				952199A31FF6AB98006B0C2C /* ViewControllers */,
				952199A21FF6AB92006B0C2C /* AppDelegate */,
				95E6AD0A1FF6AB3B00FC6643 /* Info.plist */,
				95E6AD021FF6AB3B00FC6643 /* Wikipedia_Fill_in_the_blanks.xcdatamodeld */,
			);
			path = "Wikipedia Fill-in-the-blanks";
			sourceTree = "<group>";
		};
/* End PBXGroup section */

/* Begin PBXNativeTarget section */
		95E6ACF71FF6AB3B00FC6643 /* Wikipedia Fill-in-the-blanks */ = {
			isa = PBXNativeTarget;
			buildConfigurationList = 95E6AD0D1FF6AB3B00FC6643 /* Build configuration list for PBXNativeTarget "Wikipedia Fill-in-the-blanks" */;
			buildPhases = (
				95E6ACF41FF6AB3B00FC6643 /* Sources */,
				95E6ACF51FF6AB3B00FC6643 /* Frameworks */,
				95E6ACF61FF6AB3B00FC6643 /* Resources */,
			);
			buildRules = (
			);
			dependencies = (
			);
			name = "Wikipedia Fill-in-the-blanks";
			productName = "Wikipedia Fill-in-the-blanks";
			productReference = 95E6ACF81FF6AB3B00FC6643 /* Wikipedia Fill-in-the-blanks.app */;
			productType = "com.apple.product-type.application";
		};
/* End PBXNativeTarget section */

/* Begin PBXProject section */
		95E6ACF01FF6AB3B00FC6643 /* Project object */ = {
			isa = PBXProject;
			attributes = {
				LastSwiftUpdateCheck = 0830;
				LastUpgradeCheck = 0830;
				ORGANIZATIONNAME = "Prakhar Tripathi";
				TargetAttributes = {
					95E6ACF71FF6AB3B00FC6643 = {
						CreatedOnToolsVersion = 8.3.2;
						ProvisioningStyle = Automatic;
					};
				};
			};
			buildConfigurationList = 95E6ACF31FF6AB3B00FC6643 /* Build configuration list for PBXProject "Wikipedia Fill-in-the-blanks" */;
			compatibilityVersion = "Xcode 3.2";
			developmentRegion = English;
			hasScannedForEncodings = 0;
			knownRegions = (
				en,
				Base,
			);
			mainGroup = 95E6ACEF1FF6AB3B00FC6643;
			productRefGroup = 95E6ACF91FF6AB3B00FC6643 /* Products */;
			projectDirPath = "";
			projectRoot = "";
			targets = (
				95E6ACF71FF6AB3B00FC6643 /* Wikipedia Fill-in-the-blanks */,
			);
		};
/* End PBXProject section */

/* Begin PBXResourcesBuildPhase section */
		95E6ACF61FF6AB3B00FC6643 /* Resources */ = {
			isa = PBXResourcesBuildPhase;
			buildActionMask = 2147483647;
			files = (
				95E6AD091FF6AB3B00FC6643 /* LaunchScreen.storyboard in Resources */,
				95E6AD061FF6AB3B00FC6643 /* Assets.xcassets in Resources */,
				95E6AD011FF6AB3B00FC6643 /* Main.storyboard in Resources */,
			);
			runOnlyForDeploymentPostprocessing = 0;
		};
/* End PBXResourcesBuildPhase section */

/* Begin PBXSourcesBuildPhase section */
		95E6ACF41FF6AB3B00FC6643 /* Sources */ = {
			isa = PBXSourcesBuildPhase;
			buildActionMask = 2147483647;
			files = (
				955B811E1FF6BA2D00722BCA /* IJProgressView.swift in Sources */,
				95E6ACFE1FF6AB3B00FC6643 /* ViewController.swift in Sources */,
				95E6ACFC1FF6AB3B00FC6643 /* AppDelegate.swift in Sources */,
				955B811C1FF6B9F900722BCA /* Extentions.swift in Sources */,
				95E6AD041FF6AB3B00FC6643 /* Wikipedia_Fill_in_the_blanks.xcdatamodeld in Sources */,
				955B811A1FF6B63100722BCA /* Constants.swift in Sources */,
			);
			runOnlyForDeploymentPostprocessing = 0;
		};
/* End PBXSourcesBuildPhase section */

/* Begin PBXVariantGroup section */
		95E6ACFF1FF6AB3B00FC6643 /* Main.storyboard */ = {
			isa = PBXVariantGroup;
			children = (
				95E6AD001FF6AB3B00FC6643 /* Base */,
			);
			name = Main.storyboard;
			sourceTree = "<group>";
		};
		95E6AD071FF6AB3B00FC6643 /* LaunchScreen.storyboard */ = {
			isa = PBXVariantGroup;
			children = (
				95E6AD081FF6AB3B00FC6643 /* Base */,
			);
			name = LaunchScreen.storyboard;
			sourceTree = "<group>";
		};
/* End PBXVariantGroup section */

/* Begin XCBuildConfiguration section */
		95E6AD0B1FF6AB3B00FC6643 /* Debug */ = {
			isa = XCBuildConfiguration;
			buildSettings = {
				ALWAYS_SEARCH_USER_PATHS = NO;
				CLANG_ANALYZER_NONNULL = YES;
				CLANG_ANALYZER_NUMBER_OBJECT_CONVERSION = YES_AGGRESSIVE;
				CLANG_CXX_LANGUAGE_STANDARD = "gnu++0x";
				CLANG_CXX_LIBRARY = "libc++";
				CLANG_ENABLE_MODULES = YES;
				CLANG_ENABLE_OBJC_ARC = YES;
				CLANG_WARN_BOOL_CONVERSION = YES;
				CLANG_WARN_CONSTANT_CONVERSION = YES;
				CLANG_WARN_DIRECT_OBJC_ISA_USAGE = YES_ERROR;
				CLANG_WARN_DOCUMENTATION_COMMENTS = YES;
				CLANG_WARN_EMPTY_BODY = YES;
				CLANG_WARN_ENUM_CONVERSION = YES;
				CLANG_WARN_INFINITE_RECURSION = YES;
				CLANG_WARN_INT_CONVERSION = YES;
				CLANG_WARN_OBJC_ROOT_CLASS = YES_ERROR;
				CLANG_WARN_SUSPICIOUS_MOVE = YES;
				CLANG_WARN_UNREACHABLE_CODE = YES;
				CLANG_WARN__DUPLICATE_METHOD_MATCH = YES;
				"CODE_SIGN_IDENTITY[sdk=iphoneos*]" = "iPhone Developer";
				COPY_PHASE_STRIP = NO;
				DEBUG_INFORMATION_FORMAT = dwarf;
				ENABLE_STRICT_OBJC_MSGSEND = YES;
				ENABLE_TESTABILITY = YES;
				GCC_C_LANGUAGE_STANDARD = gnu99;
				GCC_DYNAMIC_NO_PIC = NO;
				GCC_NO_COMMON_BLOCKS = YES;
				GCC_OPTIMIZATION_LEVEL = 0;
				GCC_PREPROCESSOR_DEFINITIONS = (
					"DEBUG=1",
					"$(inherited)",
				);
				GCC_WARN_64_TO_32_BIT_CONVERSION = YES;
				GCC_WARN_ABOUT_RETURN_TYPE = YES_ERROR;
				GCC_WARN_UNDECLARED_SELECTOR = YES;
				GCC_WARN_UNINITIALIZED_AUTOS = YES_AGGRESSIVE;
				GCC_WARN_UNUSED_FUNCTION = YES;
				GCC_WARN_UNUSED_VARIABLE = YES;
				IPHONEOS_DEPLOYMENT_TARGET = 10.3;
				MTL_ENABLE_DEBUG_INFO = YES;
				ONLY_ACTIVE_ARCH = YES;
				SDKROOT = iphoneos;
				SWIFT_ACTIVE_COMPILATION_CONDITIONS = DEBUG;
				SWIFT_OPTIMIZATION_LEVEL = "-Onone";
				TARGETED_DEVICE_FAMILY = "1,2";
			};
			name = Debug;
		};
		95E6AD0C1FF6AB3B00FC6643 /* Release */ = {
			isa = XCBuildConfiguration;
			buildSettings = {
				ALWAYS_SEARCH_USER_PATHS = NO;
				CLANG_ANALYZER_NONNULL = YES;
				CLANG_ANALYZER_NUMBER_OBJECT_CONVERSION = YES_AGGRESSIVE;
				CLANG_CXX_LANGUAGE_STANDARD = "gnu++0x";
				CLANG_CXX_LIBRARY = "libc++";
				CLANG_ENABLE_MODULES = YES;
				CLANG_ENABLE_OBJC_ARC = YES;
				CLANG_WARN_BOOL_CONVERSION = YES;
				CLANG_WARN_CONSTANT_CONVERSION = YES;
				CLANG_WARN_DIRECT_OBJC_ISA_USAGE = YES_ERROR;
				CLANG_WARN_DOCUMENTATION_COMMENTS = YES;
				CLANG_WARN_EMPTY_BODY = YES;
				CLANG_WARN_ENUM_CONVERSION = YES;
				CLANG_WARN_INFINITE_RECURSION = YES;
				CLANG_WARN_INT_CONVERSION = YES;
				CLANG_WARN_OBJC_ROOT_CLASS = YES_ERROR;
				CLANG_WARN_SUSPICIOUS_MOVE = YES;
				CLANG_WARN_UNREACHABLE_CODE = YES;
				CLANG_WARN__DUPLICATE_METHOD_MATCH = YES;
				"CODE_SIGN_IDENTITY[sdk=iphoneos*]" = "iPhone Developer";
				COPY_PHASE_STRIP = NO;
				DEBUG_INFORMATION_FORMAT = "dwarf-with-dsym";
				ENABLE_NS_ASSERTIONS = NO;
				ENABLE_STRICT_OBJC_MSGSEND = YES;
				GCC_C_LANGUAGE_STANDARD = gnu99;
				GCC_NO_COMMON_BLOCKS = YES;
				GCC_WARN_64_TO_32_BIT_CONVERSION = YES;
				GCC_WARN_ABOUT_RETURN_TYPE = YES_ERROR;
				GCC_WARN_UNDECLARED_SELECTOR = YES;
				GCC_WARN_UNINITIALIZED_AUTOS = YES_AGGRESSIVE;
				GCC_WARN_UNUSED_FUNCTION = YES;
				GCC_WARN_UNUSED_VARIABLE = YES;
				IPHONEOS_DEPLOYMENT_TARGET = 10.3;
				MTL_ENABLE_DEBUG_INFO = NO;
				SDKROOT = iphoneos;
				SWIFT_OPTIMIZATION_LEVEL = "-Owholemodule";
				TARGETED_DEVICE_FAMILY = "1,2";
				VALIDATE_PRODUCT = YES;
			};
			name = Release;
		};
		95E6AD0E1FF6AB3B00FC6643 /* Debug */ = {
			isa = XCBuildConfiguration;
			buildSettings = {
				ASSETCATALOG_COMPILER_APPICON_NAME = AppIcon;
				INFOPLIST_FILE = "Wikipedia Fill-in-the-blanks/Info.plist";
				LD_RUNPATH_SEARCH_PATHS = "$(inherited) @executable_path/Frameworks";
				PRODUCT_BUNDLE_IDENTIFIER = "com.try.prakhar.Wikipedia-Fill-in-the-blanks";
				PRODUCT_NAME = "$(TARGET_NAME)";
				SWIFT_VERSION = 3.0;
			};
			name = Debug;
		};
		95E6AD0F1FF6AB3B00FC6643 /* Release */ = {
			isa = XCBuildConfiguration;
			buildSettings = {
				ASSETCATALOG_COMPILER_APPICON_NAME = AppIcon;
				INFOPLIST_FILE = "Wikipedia Fill-in-the-blanks/Info.plist";
				LD_RUNPATH_SEARCH_PATHS = "$(inherited) @executable_path/Frameworks";
				PRODUCT_BUNDLE_IDENTIFIER = "com.try.prakhar.Wikipedia-Fill-in-the-blanks";
				PRODUCT_NAME = "$(TARGET_NAME)";
				SWIFT_VERSION = 3.0;
			};
			name = Release;
		};
/* End XCBuildConfiguration section */

/* Begin XCConfigurationList section */
		95E6ACF31FF6AB3B00FC6643 /* Build configuration list for PBXProject "Wikipedia Fill-in-the-blanks" */ = {
			isa = XCConfigurationList;
			buildConfigurations = (
				95E6AD0B1FF6AB3B00FC6643 /* Debug */,
				95E6AD0C1FF6AB3B00FC6643 /* Release */,
			);
			defaultConfigurationIsVisible = 0;
			defaultConfigurationName = Release;
		};
		95E6AD0D1FF6AB3B00FC6643 /* Build configuration list for PBXNativeTarget "Wikipedia Fill-in-the-blanks" */ = {
			isa = XCConfigurationList;
			buildConfigurations = (
				95E6AD0E1FF6AB3B00FC6643 /* Debug */,
				95E6AD0F1FF6AB3B00FC6643 /* Release */,
			);
			defaultConfigurationIsVisible = 0;
			defaultConfigurationName = Release;
		};
/* End XCConfigurationList section */

/* Begin XCVersionGroup section */
		95E6AD021FF6AB3B00FC6643 /* Wikipedia_Fill_in_the_blanks.xcdatamodeld */ = {
			isa = XCVersionGroup;
			children = (
				95E6AD031FF6AB3B00FC6643 /* Wikipedia_Fill_in_the_blanks.xcdatamodel */,
			);
			currentVersion = 95E6AD031FF6AB3B00FC6643 /* Wikipedia_Fill_in_the_blanks.xcdatamodel */;
			path = Wikipedia_Fill_in_the_blanks.xcdatamodeld;
			sourceTree = "<group>";
			versionGroupType = wrapper.xcdatamodel;
		};
/* End XCVersionGroup section */
	};
	rootObject = 95E6ACF01FF6AB3B00FC6643 /* Project object */;
}
